
Microsoft Visual Studio Solution File, Format Version 12.00
# Visual Studio Version 17
VisualStudioVersion = 17.14.36310.24 d17.14
MinimumVisualStudioVersion = 10.0.40219.1
Project("{FAE04EC0-301F-11D3-BF4B-00C04F79EFBC}") = "DataCo_Website", "DataCo_Website.csproj", "{DDF96CC0-A448-4158-8491-4258C231C903}"
EndProject
Global
	GlobalSection(SolutionConfigurationPlatforms) = preSolution
		Debug|Any CPU = Debug|Any CPU
		Release|Any CPU = Release|Any CPU
	EndGlobalSection
	GlobalSection(ProjectConfigurationPlatforms) = postSolution
		{DDF96CC0-A448-4158-8491-4258C231C903}.Debug|Any CPU.ActiveCfg = Debug|Any CPU
		{DDF96CC0-A448-4158-8491-4258C231C903}.Debug|Any CPU.Build.0 = Debug|Any CPU
		{DDF96CC0-A448-4158-8491-4258C231C903}.Release|Any CPU.ActiveCfg = Release|Any CPU
		{DDF96CC0-A448-4158-8491-4258C231C903}.Release|Any CPU.Build.0 = Release|Any CPU
	EndGlobalSection
	GlobalSection(SolutionProperties) = preSolution
		HideSolutionNode = FALSE
	EndGlobalSection
	GlobalSection(ExtensibilityGlobals) = postSolution
		SolutionGuid = {1DD24D91-ED91-49E4-B054-DDC99EE54D3E}
	EndGlobalSection
EndGlobal
